
Microsoft Visual Studio Solution File, Format Version 12.00
# Visual Studio Version 16
VisualStudioVersion = 16.0.30309.148
MinimumVisualStudioVersion = 10.0.40219.1
Project("{FAE04EC0-301F-11D3-BF4B-00C04F79EFBC}") = "Lab4(PPVS)", "Lab4(PPVS)\Lab4(PPVS).csproj", "{1243B5CA-3427-43F8-8F87-6EBA3134AADE}"
EndProject
Global
	GlobalSection(SolutionConfigurationPlatforms) = preSolution
		Debug|Any CPU = Debug|Any CPU
		Release|Any CPU = Release|Any CPU
	EndGlobalSection
	GlobalSection(ProjectConfigurationPlatforms) = postSolution
		{1243B5CA-3427-43F8-8F87-6EBA3134AADE}.Debug|Any CPU.ActiveCfg = Debug|Any CPU
		{1243B5CA-3427-43F8-8F87-6EBA3134AADE}.Debug|Any CPU.Build.0 = Debug|Any CPU
		{1243B5CA-3427-43F8-8F87-6EBA3134AADE}.Release|Any CPU.ActiveCfg = Release|Any CPU
		{1243B5CA-3427-43F8-8F87-6EBA3134AADE}.Release|Any CPU.Build.0 = Release|Any CPU
	EndGlobalSection
	GlobalSection(SolutionProperties) = preSolution
		HideSolutionNode = FALSE
	EndGlobalSection
	GlobalSection(ExtensibilityGlobals) = postSolution
		SolutionGuid = {44318DE2-B655-426E-902D-420709121D39}
	EndGlobalSection
EndGlobal
